// !$*UTF8*$!
{
	archiveVersion = 1;
	classes = {
	};
	objectVersion = 50;
	objects = {

/* Begin PBXBuildFile section */
		2A059FC22574A1EF0017C8A7 /* ZYGCD.h in CopyFiles */ = {isa = PBXBuildFile; fileRef = 2A059FBF2574A1EF0017C8A7 /* ZYGCD.h */; };
		2A059FCC2574A20E0017C8A7 /* ZYGCDManager.m in Sources */ = {isa = PBXBuildFile; fileRef = 2A059FCB2574A20E0017C8A7 /* ZYGCDManager.m */; };
		2A059FD02574A21E0017C8A7 /* ZYGCDManagerModel.m in Sources */ = {isa = PBXBuildFile; fileRef = 2A059FCF2574A21E0017C8A7 /* ZYGCDManagerModel.m */; };
/* End PBXBuildFile section */

/* Begin PBXCopyFilesBuildPhase section */
		2A059FBA2574A1EF0017C8A7 /* CopyFiles */ = {
			isa = PBXCopyFilesBuildPhase;
			buildActionMask = 2147483647;
			dstPath = "include/$(PRODUCT_NAME)";
			dstSubfolderSpec = 16;
			files = (
				2A059FC22574A1EF0017C8A7 /* ZYGCD.h in CopyFiles */,
			);
			runOnlyForDeploymentPostprocessing = 0;
		};
/* End PBXCopyFilesBuildPhase section */

/* Begin PBXFileReference section */
		2A059FBC2574A1EF0017C8A7 /* libZYGCD.a */ = {isa = PBXFileReference; explicitFileType = archive.ar; includeInIndex = 0; path = libZYGCD.a; sourceTree = BUILT_PRODUCTS_DIR; };
		2A059FBF2574A1EF0017C8A7 /* ZYGCD.h */ = {isa = PBXFileReference; lastKnownFileType = sourcecode.c.h; path = ZYGCD.h; sourceTree = "<group>"; };
		2A059FCA2574A20E0017C8A7 /* ZYGCDManager.h */ = {isa = PBXFileReference; lastKnownFileType = sourcecode.c.h; path = ZYGCDManager.h; sourceTree = "<group>"; };
		2A059FCB2574A20E0017C8A7 /* ZYGCDManager.m */ = {isa = PBXFileReference; lastKnownFileType = sourcecode.c.objc; path = ZYGCDManager.m; sourceTree = "<group>"; };
		2A059FCE2574A21E0017C8A7 /* ZYGCDManagerModel.h */ = {isa = PBXFileReference; lastKnownFileType = sourcecode.c.h; path = ZYGCDManagerModel.h; sourceTree = "<group>"; };
		2A059FCF2574A21E0017C8A7 /* ZYGCDManagerModel.m */ = {isa = PBXFileReference; lastKnownFileType = sourcecode.c.objc; path = ZYGCDManagerModel.m; sourceTree = "<group>"; };
/* End PBXFileReference section */

/* Begin PBXFrameworksBuildPhase section */
		2A059FB92574A1EF0017C8A7 /* Frameworks */ = {
			isa = PBXFrameworksBuildPhase;
			buildActionMask = 2147483647;
			files = (
			);
			runOnlyForDeploymentPostprocessing = 0;
		};
/* End PBXFrameworksBuildPhase section */

/* Begin PBXGroup section */
		2A059FB32574A1EF0017C8A7 = {
			isa = PBXGroup;
			children = (
				2A059FBE2574A1EF0017C8A7 /* ZYGCD */,
				2A059FBD2574A1EF0017C8A7 /* Products */,
			);
			sourceTree = "<group>";
		};
		2A059FBD2574A1EF0017C8A7 /* Products */ = {
			isa = PBXGroup;
			children = (
				2A059FBC2574A1EF0017C8A7 /* libZYGCD.a */,
			);
			name = Products;
			sourceTree = "<group>";
		};
		2A059FBE2574A1EF0017C8A7 /* ZYGCD */ = {
			isa = PBXGroup;
			children = (
				2A059FBF2574A1EF0017C8A7 /* ZYGCD.h */,
				2A059FCA2574A20E0017C8A7 /* ZYGCDManager.h */,
				2A059FCB2574A20E0017C8A7 /* ZYGCDManager.m */,
				2A059FCE2574A21E0017C8A7 /* ZYGCDManagerModel.h */,
				2A059FCF2574A21E0017C8A7 /* ZYGCDManagerModel.m */,
			);
			path = ZYGCD;
			sourceTree = "<group>";
		};
/* End PBXGroup section */

/* Begin PBXNativeTarget section */
		2A059FBB2574A1EF0017C8A7 /* ZYGCD */ = {
			isa = PBXNativeTarget;
			buildConfigurationList = 2A059FC52574A1EF0017C8A7 /* Build configuration list for PBXNativeTarget "ZYGCD" */;
			buildPhases = (
				2A059FB82574A1EF0017C8A7 /* Sources */,
				2A059FB92574A1EF0017C8A7 /* Frameworks */,
				2A059FBA2574A1EF0017C8A7 /* CopyFiles */,
			);
			buildRules = (
			);
			dependencies = (
			);
			name = ZYGCD;
			productName = ZYGCD;
			productReference = 2A059FBC2574A1EF0017C8A7 /* libZYGCD.a */;
			productType = "com.apple.product-type.library.static";
		};
/* End PBXNativeTarget section */

/* Begin PBXProject section */
		2A059FB42574A1EF0017C8A7 /* Project object */ = {
			isa = PBXProject;
			attributes = {
				LastUpgradeCheck = 1220;
				TargetAttributes = {
					2A059FBB2574A1EF0017C8A7 = {
						CreatedOnToolsVersion = 12.2;
					};
				};
			};
			buildConfigurationList = 2A059FB72574A1EF0017C8A7 /* Build configuration list for PBXProject "ZYGCD" */;
			compatibilityVersion = "Xcode 9.3";
			developmentRegion = en;
			hasScannedForEncodings = 0;
			knownRegions = (
				en,
				Base,
			);
			mainGroup = 2A059FB32574A1EF0017C8A7;
			productRefGroup = 2A059FBD2574A1EF0017C8A7 /* Products */;
			projectDirPath = "";
			projectRoot = "";
			targets = (
				2A059FBB2574A1EF0017C8A7 /* ZYGCD */,
			);
		};
/* End PBXProject section */

/* Begin PBXSourcesBuildPhase section */
		2A059FB82574A1EF0017C8A7 /* Sources */ = {
			isa = PBXSourcesBuildPhase;
			buildActionMask = 2147483647;
			files = (
				2A059FCC2574A20E0017C8A7 /* ZYGCDManager.m in Sources */,
				2A059FD02574A21E0017C8A7 /* ZYGCDManagerModel.m in Sources */,
			);
			runOnlyForDeploymentPostprocessing = 0;
		};
/* End PBXSourcesBuildPhase section */

/* Begin XCBuildConfiguration section */
		2A059FC32574A1EF0017C8A7 /* Debug */ = {
			isa = XCBuildConfiguration;
			buildSettings = {
				ALWAYS_SEARCH_USER_PATHS = NO;
				CLANG_ANALYZER_NONNULL = YES;
				CLANG_ANALYZER_NUMBER_OBJECT_CONVERSION = YES_AGGRESSIVE;
				CLANG_CXX_LANGUAGE_STANDARD = "gnu++14";
				CLANG_CXX_LIBRARY = "libc++";
				CLANG_ENABLE_MODULES = YES;
				CLANG_ENABLE_OBJC_ARC = YES;
				CLANG_ENABLE_OBJC_WEAK = YES;
				CLANG_WARN_BLOCK_CAPTURE_AUTORELEASING = YES;
				CLANG_WARN_BOOL_CONVERSION = YES;
				CLANG_WARN_COMMA = YES;
				CLANG_WARN_CONSTANT_CONVERSION = YES;
				CLANG_WARN_DEPRECATED_OBJC_IMPLEMENTATIONS = YES;
				CLANG_WARN_DIRECT_OBJC_ISA_USAGE = YES_ERROR;
				CLANG_WARN_DOCUMENTATION_COMMENTS = YES;
				CLANG_WARN_EMPTY_BODY = YES;
				CLANG_WARN_ENUM_CONVERSION = YES;
				CLANG_WARN_INFINITE_RECURSION = YES;
				CLANG_WARN_INT_CONVERSION = YES;
				CLANG_WARN_NON_LITERAL_NULL_CONVERSION = YES;
				CLANG_WARN_OBJC_IMPLICIT_RETAIN_SELF = YES;
				CLANG_WARN_OBJC_LITERAL_CONVERSION = YES;
				CLANG_WARN_OBJC_ROOT_CLASS = YES_ERROR;
				CLANG_WARN_QUOTED_INCLUDE_IN_FRAMEWORK_HEADER = YES;
				CLANG_WARN_RANGE_LOOP_ANALYSIS = YES;
				CLANG_WARN_STRICT_PROTOTYPES = YES;
				CLANG_WARN_SUSPICIOUS_MOVE = YES;
				CLANG_WARN_UNGUARDED_AVAILABILITY = YES_AGGRESSIVE;
				CLANG_WARN_UNREACHABLE_CODE = YES;
				CLANG_WARN__DUPLICATE_METHOD_MATCH = YES;
				COPY_PHASE_STRIP = NO;
				DEBUG_INFORMATION_FORMAT = dwarf;
				ENABLE_STRICT_OBJC_MSGSEND = YES;
				ENABLE_TESTABILITY = YES;
				GCC_C_LANGUAGE_STANDARD = gnu11;
				GCC_DYNAMIC_NO_PIC = NO;
				GCC_NO_COMMON_BLOCKS = YES;
				GCC_OPTIMIZATION_LEVEL = 0;
				GCC_PREPROCESSOR_DEFINITIONS = (
					"DEBUG=1",
					"$(inherited)",
				);
				GCC_WARN_64_TO_32_BIT_CONVERSION = YES;
				GCC_WARN_ABOUT_RETURN_TYPE = YES_ERROR;
				GCC_WARN_UNDECLARED_SELECTOR = YES;
				GCC_WARN_UNINITIALIZED_AUTOS = YES_AGGRESSIVE;
				GCC_WARN_UNUSED_FUNCTION = YES;
				GCC_WARN_UNUSED_VARIABLE = YES;
				IPHONEOS_DEPLOYMENT_TARGET = 14.2;
				MTL_ENABLE_DEBUG_INFO = INCLUDE_SOURCE;
				MTL_FAST_MATH = YES;
				ONLY_ACTIVE_ARCH = YES;
				SDKROOT = iphoneos;
			};
			name = Debug;
		};
		2A059FC42574A1EF0017C8A7 /* Release */ = {
			isa = XCBuildConfiguration;
			buildSettings = {
				ALWAYS_SEARCH_USER_PATHS = NO;
				CLANG_ANALYZER_NONNULL = YES;
				CLANG_ANALYZER_NUMBER_OBJECT_CONVERSION = YES_AGGRESSIVE;
				CLANG_CXX_LANGUAGE_STANDARD = "gnu++14";
				CLANG_CXX_LIBRARY = "libc++";
				CLANG_ENABLE_MODULES = YES;
				CLANG_ENABLE_OBJC_ARC = YES;
				CLANG_ENABLE_OBJC_WEAK = YES;
				CLANG_WARN_BLOCK_CAPTURE_AUTORELEASING = YES;
				CLANG_WARN_BOOL_CONVERSION = YES;
				CLANG_WARN_COMMA = YES;
				CLANG_WARN_CONSTANT_CONVERSION = YES;
				CLANG_WARN_DEPRECATED_OBJC_IMPLEMENTATIONS = YES;
				CLANG_WARN_DIRECT_OBJC_ISA_USAGE = YES_ERROR;
				CLANG_WARN_DOCUMENTATION_COMMENTS = YES;
				CLANG_WARN_EMPTY_BODY = YES;
				CLANG_WARN_ENUM_CONVERSION = YES;
				CLANG_WARN_INFINITE_RECURSION = YES;
				CLANG_WARN_INT_CONVERSION = YES;
				CLANG_WARN_NON_LITERAL_NULL_CONVERSION = YES;
				CLANG_WARN_OBJC_IMPLICIT_RETAIN_SELF = YES;
				CLANG_WARN_OBJC_LITERAL_CONVERSION = YES;
				CLANG_WARN_OBJC_ROOT_CLASS = YES_ERROR;
				CLANG_WARN_QUOTED_INCLUDE_IN_FRAMEWORK_HEADER = YES;
				CLANG_WARN_RANGE_LOOP_ANALYSIS = YES;
				CLANG_WARN_STRICT_PROTOTYPES = YES;
				CLANG_WARN_SUSPICIOUS_MOVE = YES;
				CLANG_WARN_UNGUARDED_AVAILABILITY = YES_AGGRESSIVE;
				CLANG_WARN_UNREACHABLE_CODE = YES;
				CLANG_WARN__DUPLICATE_METHOD_MATCH = YES;
				COPY_PHASE_STRIP = NO;
				DEBUG_INFORMATION_FORMAT = "dwarf-with-dsym";
				ENABLE_NS_ASSERTIONS = NO;
				ENABLE_STRICT_OBJC_MSGSEND = YES;
				GCC_C_LANGUAGE_STANDARD = gnu11;
				GCC_NO_COMMON_BLOCKS = YES;
				GCC_WARN_64_TO_32_BIT_CONVERSION = YES;
				GCC_WARN_ABOUT_RETURN_TYPE = YES_ERROR;
				GCC_WARN_UNDECLARED_SELECTOR = YES;
				GCC_WARN_UNINITIALIZED_AUTOS = YES_AGGRESSIVE;
				GCC_WARN_UNUSED_FUNCTION = YES;
				GCC_WARN_UNUSED_VARIABLE = YES;
				IPHONEOS_DEPLOYMENT_TARGET = 14.2;
				MTL_ENABLE_DEBUG_INFO = NO;
				MTL_FAST_MATH = YES;
				SDKROOT = iphoneos;
				VALIDATE_PRODUCT = YES;
			};
			name = Release;
		};
		2A059FC62574A1EF0017C8A7 /* Debug */ = {
			isa = XCBuildConfiguration;
			buildSettings = {
				CODE_SIGN_STYLE = Automatic;
				DEVELOPMENT_TEAM = L4DFRU2343;
				OTHER_LDFLAGS = "-ObjC";
				PRODUCT_NAME = "$(TARGET_NAME)";
				SKIP_INSTALL = YES;
				TARGETED_DEVICE_FAMILY = "1,2";
			};
			name = Debug;
		};
		2A059FC72574A1EF0017C8A7 /* Release */ = {
			isa = XCBuildConfiguration;
			buildSettings = {
				CODE_SIGN_STYLE = Automatic;
				DEVELOPMENT_TEAM = L4DFRU2343;
				OTHER_LDFLAGS = "-ObjC";
				PRODUCT_NAME = "$(TARGET_NAME)";
				SKIP_INSTALL = YES;
				TARGETED_DEVICE_FAMILY = "1,2";
			};
			name = Release;
		};
/* End XCBuildConfiguration section */

/* Begin XCConfigurationList section */
		2A059FB72574A1EF0017C8A7 /* Build configuration list for PBXProject "ZYGCD" */ = {
			isa = XCConfigurationList;
			buildConfigurations = (
				2A059FC32574A1EF0017C8A7 /* Debug */,
				2A059FC42574A1EF0017C8A7 /* Release */,
			);
			defaultConfigurationIsVisible = 0;
			defaultConfigurationName = Release;
		};
		2A059FC52574A1EF0017C8A7 /* Build configuration list for PBXNativeTarget "ZYGCD" */ = {
			isa = XCConfigurationList;
			buildConfigurations = (
				2A059FC62574A1EF0017C8A7 /* Debug */,
				2A059FC72574A1EF0017C8A7 /* Release */,
			);
			defaultConfigurationIsVisible = 0;
			defaultConfigurationName = Release;
		};
/* End XCConfigurationList section */
	};
	rootObject = 2A059FB42574A1EF0017C8A7 /* Project object */;
}
